{
  "name": "@shapeshift-labs/frontier-state",
  "version": "0.1.1",
  "lockfileVersion": 3,
  "requires": true,
  "packages": {
    "": {
      "name": "@shapeshift-labs/frontier-state",
      "version": "0.1.1",
      "license": "MIT",
      "dependencies": {
        "@shapeshift-labs/frontier": "^0.1.5",
        "@shapeshift-labs/frontier-engine": "^0.1.0"
      },
      "devDependencies": {
        "typescript": "^6.0.3"
      },
      "engines": {
        "node": ">=18"
      }
    },
    "node_modules/@shapeshift-labs/frontier": {
      "version": "0.1.5",
      "resolved": "https://registry.npmjs.org/@shapeshift-labs/frontier/-/frontier-0.1.5.tgz",
      "integrity": "sha512-7GTQzVEyKBFNZbcAMsKGK2KYqPqwYX7ziU58xPrxL748LAVeLbf2sO8DAHb0JQ7ujlgGoS6NcUPndq9byeS8ZQ==",
      "license": "MIT",
      "engines": {
        "node": ">=18"
      }
    },
    "node_modules/@shapeshift-labs/frontier-codec": {
      "version": "0.1.3",
      "resolved": "https://registry.npmjs.org/@shapeshift-labs/frontier-codec/-/frontier-codec-0.1.3.tgz",
      "integrity": "sha512-8Fo1OGFzrlwDANMP2uoShDysTJv0pkheSjAumLI15922xCaljMFORyX/BjRr109CqOGvA4rB7Ooh/QGV1Ir+FQ==",
      "license": "MIT",
      "dependencies": {
        "@shapeshift-labs/frontier": "^0.1.3"
      },
      "engines": {
        "node": ">=18"
      }
    },
    "node_modules/@shapeshift-labs/frontier-engine": {
      "version": "0.1.0",
      "resolved": "https://registry.npmjs.org/@shapeshift-labs/frontier-engine/-/frontier-engine-0.1.0.tgz",
      "integrity": "sha512-VWj38SWny4aUP17fuO42Eg5BvSBvIsCUr9Xw36+F9azTkFTtgA0X1N6QOJpsCSpGUWMabvU+C/doTjdBEFuAuA==",
      "license": "MIT",
      "dependencies": {
        "@shapeshift-labs/frontier": "^0.1.5",
        "@shapeshift-labs/frontier-codec": "^0.1.3"
      },
      "engines": {
        "node": ">=18"
      }
    },
    "node_modules/typescript": {
      "version": "6.0.3",
      "resolved": "https://registry.npmjs.org/typescript/-/typescript-6.0.3.tgz",
      "integrity": "sha512-y2TvuxSZPDyQakkFRPZHKFm+KKVqIisdg9/CZwm9ftvKXLP8NRWj38/ODjNbr43SsoXqNuAisEf1GdCxqWcdBw==",
      "dev": true,
      "license": "Apache-2.0",
      "bin": {
        "tsc": "bin/tsc",
        "tsserver": "bin/tsserver"
      },
      "engines": {
        "node": ">=14.17"
      }
    }
  }
}
